
Microsoft Visual Studio Solution File, Format Version 12.00
# Visual Studio Version 17
VisualStudioVersion = 17.10.35122.118
MinimumVisualStudioVersion = 10.0.40219.1
Project("{FAE04EC0-301F-11D3-BF4B-00C04F79EFBC}") = "SeaWar", "SeaWar\SeaWar.csproj", "{83887A8A-99CE-460D-8F0A-74FB872AC7E8}"
EndProject
Global
	GlobalSection(SolutionConfigurationPlatforms) = preSolution
		Debug|Any CPU = Debug|Any CPU
		Release|Any CPU = Release|Any CPU
	EndGlobalSection
	GlobalSection(ProjectConfigurationPlatforms) = postSolution
		{83887A8A-99CE-460D-8F0A-74FB872AC7E8}.Debug|Any CPU.ActiveCfg = Debug|Any CPU
		{83887A8A-99CE-460D-8F0A-74FB872AC7E8}.Debug|Any CPU.Build.0 = Debug|Any CPU
		{83887A8A-99CE-460D-8F0A-74FB872AC7E8}.Release|Any CPU.ActiveCfg = Release|Any CPU
		{83887A8A-99CE-460D-8F0A-74FB872AC7E8}.Release|Any CPU.Build.0 = Release|Any CPU
	EndGlobalSection
	GlobalSection(SolutionProperties) = preSolution
		HideSolutionNode = FALSE
	EndGlobalSection
	GlobalSection(ExtensibilityGlobals) = postSolution
		SolutionGuid = {A21BE021-9B47-4022-8E4F-A31B677DF593}
	EndGlobalSection
EndGlobal
